PODS:
  - InstantSearchVoiceOverlay (1.2.0)

DEPENDENCIES:
  - InstantSearchVoiceOverlay

SPEC REPOS:
  trunk:
    - InstantSearchVoiceOverlay

SPEC CHECKSUMS:
  InstantSearchVoiceOverlay: d9d5db7314ec8416dcf4ed49df2000e8ee0abe2b

PODFILE CHECKSUM: 125e643b6c8de0f0e2ffa7e21a1e22624afd7c5c

COCOAPODS: 1.11.2
